
Microsoft Visual Studio Solution File, Format Version 12.00
Project("{FAE04EC0-301F-11D3-BF4B-00C04F79EFBC}") = "BinaryIO", "BinaryIO\BinaryIO.csproj", "{E7D2B5E4-A45F-48A7-99E0-AC9D54F924AD}"
EndProject
Project("{FAE04EC0-301F-11D3-BF4B-00C04F79EFBC}") = "BinaryIO.Tests", "BinaryIO.Tests\BinaryIO.Tests.csproj", "{C4F066BA-E654-4075-91C0-7D31CD0FB41A}"
EndProject
Global
	GlobalSection(SolutionConfigurationPlatforms) = preSolution
		Debug|Any CPU = Debug|Any CPU
		Release|Any CPU = Release|Any CPU
	EndGlobalSection
	GlobalSection(ProjectConfigurationPlatforms) = postSolution
		{E7D2B5E4-A45F-48A7-99E0-AC9D54F924AD}.Debug|Any CPU.ActiveCfg = Debug|Any CPU
		{E7D2B5E4-A45F-48A7-99E0-AC9D54F924AD}.Debug|Any CPU.Build.0 = Debug|Any CPU
		{E7D2B5E4-A45F-48A7-99E0-AC9D54F924AD}.Release|Any CPU.ActiveCfg = Release|Any CPU
		{E7D2B5E4-A45F-48A7-99E0-AC9D54F924AD}.Release|Any CPU.Build.0 = Release|Any CPU
		{C4F066BA-E654-4075-91C0-7D31CD0FB41A}.Debug|Any CPU.ActiveCfg = Debug|Any CPU
		{C4F066BA-E654-4075-91C0-7D31CD0FB41A}.Debug|Any CPU.Build.0 = Debug|Any CPU
		{C4F066BA-E654-4075-91C0-7D31CD0FB41A}.Release|Any CPU.ActiveCfg = Release|Any CPU
		{C4F066BA-E654-4075-91C0-7D31CD0FB41A}.Release|Any CPU.Build.0 = Release|Any CPU
	EndGlobalSection
EndGlobal
